
Microsoft Visual Studio Solution File, Format Version 12.00
# Visual Studio Version 17
VisualStudioVersion = 17.0.31912.275
MinimumVisualStudioVersion = 10.0.40219.1
Project("{FAE04EC0-301F-11D3-BF4B-00C04F79EFBC}") = "API", "API\API.csproj", "{5F164758-904F-4BDF-A0BE-95CAFE8289F2}"
EndProject
Global
	GlobalSection(SolutionConfigurationPlatforms) = preSolution
		Debug|Any CPU = Debug|Any CPU
		Release|Any CPU = Release|Any CPU
	EndGlobalSection
	GlobalSection(ProjectConfigurationPlatforms) = postSolution
		{5F164758-904F-4BDF-A0BE-95CAFE8289F2}.Debug|Any CPU.ActiveCfg = Debug|Any CPU
		{5F164758-904F-4BDF-A0BE-95CAFE8289F2}.Debug|Any CPU.Build.0 = Debug|Any CPU
		{5F164758-904F-4BDF-A0BE-95CAFE8289F2}.Release|Any CPU.ActiveCfg = Release|Any CPU
		{5F164758-904F-4BDF-A0BE-95CAFE8289F2}.Release|Any CPU.Build.0 = Release|Any CPU
	EndGlobalSection
	GlobalSection(SolutionProperties) = preSolution
		HideSolutionNode = FALSE
	EndGlobalSection
	GlobalSection(ExtensibilityGlobals) = postSolution
		SolutionGuid = {DAF2C3A1-751A-4C8D-96E7-BABB64DBF6F7}
	EndGlobalSection
EndGlobal
